
Microsoft Visual Studio Solution File, Format Version 12.00
# Visual Studio Version 16
VisualStudioVersion = 16.0.29411.108
MinimumVisualStudioVersion = 15.0.26124.0
Project("{2150E333-8FDC-42A3-9474-1A3956D46DE8}") = "src", "src", "{98E37E33-E0B3-4C26-9915-65F09BBF2E04}"
EndProject
Project("{9A19103F-16F7-4668-BE54-9A1E7A4F7556}") = "Renaissance.Binary", "src\Renaissance.Binary\Renaissance.Binary.csproj", "{F7C70ED0-0AB3-465A-BFED-FF9529E44318}"
EndProject
Project("{9A19103F-16F7-4668-BE54-9A1E7A4F7556}") = "Renaissance.Protocol", "src\Renaissance.Protocol\Renaissance.Protocol.csproj", "{80AC86B2-F462-4F06-AC20-5DD0E603F18E}"
EndProject
Project("{9A19103F-16F7-4668-BE54-9A1E7A4F7556}") = "Renaissance.Threading", "src\Renaissance.Threading\Renaissance.Threading.csproj", "{E826F453-3816-4E14-9E41-FA81A27A045B}"
EndProject
Project("{9A19103F-16F7-4668-BE54-9A1E7A4F7556}") = "Renaissance.Abstract", "src\Renaissance.Abstract\Renaissance.Abstract.csproj", "{E21EE93B-EF20-478C-955D-C9B1C6CFC041}"
EndProject
Project("{2150E333-8FDC-42A3-9474-1A3956D46DE8}") = "tools", "tools", "{1C153657-F51E-40ED-827D-2244891DC672}"
EndProject
Project("{9A19103F-16F7-4668-BE54-9A1E7A4F7556}") = "Renaissance.ProtoBuilder", "tools\Renaissance.ProtoBuilder\Renaissance.ProtoBuilder.csproj", "{FE8171F4-C58A-4E7D-9BFB-8C7E7721F4BD}"
EndProject
Project("{9A19103F-16F7-4668-BE54-9A1E7A4F7556}") = "Renaissance.Auth", "src\Renaissance.Auth\Renaissance.Auth.csproj", "{F7739AE2-7463-459A-9C9A-24CA80898751}"
EndProject
Project("{9A19103F-16F7-4668-BE54-9A1E7A4F7556}") = "Renaissance.Database", "src\Renaissance.Database\Renaissance.Database.csproj", "{4DF5E95F-5B60-4B83-9116-9B97E9527077}"
EndProject
Global
	GlobalSection(SolutionConfigurationPlatforms) = preSolution
		Debug|Any CPU = Debug|Any CPU
		Debug|x64 = Debug|x64
		Debug|x86 = Debug|x86
		Release|Any CPU = Release|Any CPU
		Release|x64 = Release|x64
		Release|x86 = Release|x86
	EndGlobalSection
	GlobalSection(ProjectConfigurationPlatforms) = postSolution
		{F7C70ED0-0AB3-465A-BFED-FF9529E44318}.Debug|Any CPU.ActiveCfg = Debug|Any CPU
		{F7C70ED0-0AB3-465A-BFED-FF9529E44318}.Debug|Any CPU.Build.0 = Debug|Any CPU
		{F7C70ED0-0AB3-465A-BFED-FF9529E44318}.Debug|x64.ActiveCfg = Debug|Any CPU
		{F7C70ED0-0AB3-465A-BFED-FF9529E44318}.Debug|x64.Build.0 = Debug|Any CPU
		{F7C70ED0-0AB3-465A-BFED-FF9529E44318}.Debug|x86.ActiveCfg = Debug|Any CPU
		{F7C70ED0-0AB3-465A-BFED-FF9529E44318}.Debug|x86.Build.0 = Debug|Any CPU
		{F7C70ED0-0AB3-465A-BFED-FF9529E44318}.Release|Any CPU.ActiveCfg = Release|Any CPU
		{F7C70ED0-0AB3-465A-BFED-FF9529E44318}.Release|Any CPU.Build.0 = Release|Any CPU
		{F7C70ED0-0AB3-465A-BFED-FF9529E44318}.Release|x64.ActiveCfg = Release|Any CPU
		{F7C70ED0-0AB3-465A-BFED-FF9529E44318}.Release|x64.Build.0 = Release|Any CPU
		{F7C70ED0-0AB3-465A-BFED-FF9529E44318}.Release|x86.ActiveCfg = Release|Any CPU
		{F7C70ED0-0AB3-465A-BFED-FF9529E44318}.Release|x86.Build.0 = Release|Any CPU
		{80AC86B2-F462-4F06-AC20-5DD0E603F18E}.Debug|Any CPU.ActiveCfg = Debug|Any CPU
		{80AC86B2-F462-4F06-AC20-5DD0E603F18E}.Debug|Any CPU.Build.0 = Debug|Any CPU
		{80AC86B2-F462-4F06-AC20-5DD0E603F18E}.Debug|x64.ActiveCfg = Debug|Any CPU
		{80AC86B2-F462-4F06-AC20-5DD0E603F18E}.Debug|x64.Build.0 = Debug|Any CPU
		{80AC86B2-F462-4F06-AC20-5DD0E603F18E}.Debug|x86.ActiveCfg = Debug|Any CPU
		{80AC86B2-F462-4F06-AC20-5DD0E603F18E}.Debug|x86.Build.0 = Debug|Any CPU
		{80AC86B2-F462-4F06-AC20-5DD0E603F18E}.Release|Any CPU.ActiveCfg = Release|Any CPU
		{80AC86B2-F462-4F06-AC20-5DD0E603F18E}.Release|Any CPU.Build.0 = Release|Any CPU
		{80AC86B2-F462-4F06-AC20-5DD0E603F18E}.Release|x64.ActiveCfg = Release|Any CPU
		{80AC86B2-F462-4F06-AC20-5DD0E603F18E}.Release|x64.Build.0 = Release|Any CPU
		{80AC86B2-F462-4F06-AC20-5DD0E603F18E}.Release|x86.ActiveCfg = Release|Any CPU
		{80AC86B2-F462-4F06-AC20-5DD0E603F18E}.Release|x86.Build.0 = Release|Any CPU
		{E826F453-3816-4E14-9E41-FA81A27A045B}.Debug|Any CPU.ActiveCfg = Debug|Any CPU
		{E826F453-3816-4E14-9E41-FA81A27A045B}.Debug|Any CPU.Build.0 = Debug|Any CPU
		{E826F453-3816-4E14-9E41-FA81A27A045B}.Debug|x64.ActiveCfg = Debug|Any CPU
		{E826F453-3816-4E14-9E41-FA81A27A045B}.Debug|x64.Build.0 = Debug|Any CPU
		{E826F453-3816-4E14-9E41-FA81A27A045B}.Debug|x86.ActiveCfg = Debug|Any CPU
		{E826F453-3816-4E14-9E41-FA81A27A045B}.Debug|x86.Build.0 = Debug|Any CPU
		{E826F453-3816-4E14-9E41-FA81A27A045B}.Release|Any CPU.ActiveCfg = Release|Any CPU
		{E826F453-3816-4E14-9E41-FA81A27A045B}.Release|Any CPU.Build.0 = Release|Any CPU
		{E826F453-3816-4E14-9E41-FA81A27A045B}.Release|x64.ActiveCfg = Release|Any CPU
		{E826F453-3816-4E14-9E41-FA81A27A045B}.Release|x64.Build.0 = Release|Any CPU
		{E826F453-3816-4E14-9E41-FA81A27A045B}.Release|x86.ActiveCfg = Release|Any CPU
		{E826F453-3816-4E14-9E41-FA81A27A045B}.Release|x86.Build.0 = Release|Any CPU
		{E21EE93B-EF20-478C-955D-C9B1C6CFC041}.Debug|Any CPU.ActiveCfg = Debug|Any CPU
		{E21EE93B-EF20-478C-955D-C9B1C6CFC041}.Debug|Any CPU.Build.0 = Debug|Any CPU
		{E21EE93B-EF20-478C-955D-C9B1C6CFC041}.Debug|x64.ActiveCfg = Debug|Any CPU
		{E21EE93B-EF20-478C-955D-C9B1C6CFC041}.Debug|x64.Build.0 = Debug|Any CPU
		{E21EE93B-EF20-478C-955D-C9B1C6CFC041}.Debug|x86.ActiveCfg = Debug|Any CPU
		{E21EE93B-EF20-478C-955D-C9B1C6CFC041}.Debug|x86.Build.0 = Debug|Any CPU
		{E21EE93B-EF20-478C-955D-C9B1C6CFC041}.Release|Any CPU.ActiveCfg = Release|Any CPU
		{E21EE93B-EF20-478C-955D-C9B1C6CFC041}.Release|Any CPU.Build.0 = Release|Any CPU
		{E21EE93B-EF20-478C-955D-C9B1C6CFC041}.Release|x64.ActiveCfg = Release|Any CPU
		{E21EE93B-EF20-478C-955D-C9B1C6CFC041}.Release|x64.Build.0 = Release|Any CPU
		{E21EE93B-EF20-478C-955D-C9B1C6CFC041}.Release|x86.ActiveCfg = Release|Any CPU
		{E21EE93B-EF20-478C-955D-C9B1C6CFC041}.Release|x86.Build.0 = Release|Any CPU
		{FE8171F4-C58A-4E7D-9BFB-8C7E7721F4BD}.Debug|Any CPU.ActiveCfg = Debug|Any CPU
		{FE8171F4-C58A-4E7D-9BFB-8C7E7721F4BD}.Debug|Any CPU.Build.0 = Debug|Any CPU
		{FE8171F4-C58A-4E7D-9BFB-8C7E7721F4BD}.Debug|x64.ActiveCfg = Debug|Any CPU
		{FE8171F4-C58A-4E7D-9BFB-8C7E7721F4BD}.Debug|x64.Build.0 = Debug|Any CPU
		{FE8171F4-C58A-4E7D-9BFB-8C7E7721F4BD}.Debug|x86.ActiveCfg = Debug|Any CPU
		{FE8171F4-C58A-4E7D-9BFB-8C7E7721F4BD}.Debug|x86.Build.0 = Debug|Any CPU
		{FE8171F4-C58A-4E7D-9BFB-8C7E7721F4BD}.Release|Any CPU.ActiveCfg = Release|Any CPU
		{FE8171F4-C58A-4E7D-9BFB-8C7E7721F4BD}.Release|Any CPU.Build.0 = Release|Any CPU
		{FE8171F4-C58A-4E7D-9BFB-8C7E7721F4BD}.Release|x64.ActiveCfg = Release|Any CPU
		{FE8171F4-C58A-4E7D-9BFB-8C7E7721F4BD}.Release|x64.Build.0 = Release|Any CPU
		{FE8171F4-C58A-4E7D-9BFB-8C7E7721F4BD}.Release|x86.ActiveCfg = Release|Any CPU
		{FE8171F4-C58A-4E7D-9BFB-8C7E7721F4BD}.Release|x86.Build.0 = Release|Any CPU
		{F7739AE2-7463-459A-9C9A-24CA80898751}.Debug|Any CPU.ActiveCfg = Debug|Any CPU
		{F7739AE2-7463-459A-9C9A-24CA80898751}.Debug|Any CPU.Build.0 = Debug|Any CPU
		{F7739AE2-7463-459A-9C9A-24CA80898751}.Debug|x64.ActiveCfg = Debug|Any CPU
		{F7739AE2-7463-459A-9C9A-24CA80898751}.Debug|x64.Build.0 = Debug|Any CPU
		{F7739AE2-7463-459A-9C9A-24CA80898751}.Debug|x86.ActiveCfg = Debug|Any CPU
		{F7739AE2-7463-459A-9C9A-24CA80898751}.Debug|x86.Build.0 = Debug|Any CPU
		{F7739AE2-7463-459A-9C9A-24CA80898751}.Release|Any CPU.ActiveCfg = Release|Any CPU
		{F7739AE2-7463-459A-9C9A-24CA80898751}.Release|Any CPU.Build.0 = Release|Any CPU
		{F7739AE2-7463-459A-9C9A-24CA80898751}.Release|x64.ActiveCfg = Release|Any CPU
		{F7739AE2-7463-459A-9C9A-24CA80898751}.Release|x64.Build.0 = Release|Any CPU
		{F7739AE2-7463-459A-9C9A-24CA80898751}.Release|x86.ActiveCfg = Release|Any CPU
		{F7739AE2-7463-459A-9C9A-24CA80898751}.Release|x86.Build.0 = Release|Any CPU
		{4DF5E95F-5B60-4B83-9116-9B97E9527077}.Debug|Any CPU.ActiveCfg = Debug|Any CPU
		{4DF5E95F-5B60-4B83-9116-9B97E9527077}.Debug|Any CPU.Build.0 = Debug|Any CPU
		{4DF5E95F-5B60-4B83-9116-9B97E9527077}.Debug|x64.ActiveCfg = Debug|Any CPU
		{4DF5E95F-5B60-4B83-9116-9B97E9527077}.Debug|x64.Build.0 = Debug|Any CPU
		{4DF5E95F-5B60-4B83-9116-9B97E9527077}.Debug|x86.ActiveCfg = Debug|Any CPU
		{4DF5E95F-5B60-4B83-9116-9B97E9527077}.Debug|x86.Build.0 = Debug|Any CPU
		{4DF5E95F-5B60-4B83-9116-9B97E9527077}.Release|Any CPU.ActiveCfg = Release|Any CPU
		{4DF5E95F-5B60-4B83-9116-9B97E9527077}.Release|Any CPU.Build.0 = Release|Any CPU
		{4DF5E95F-5B60-4B83-9116-9B97E9527077}.Release|x64.ActiveCfg = Release|Any CPU
		{4DF5E95F-5B60-4B83-9116-9B97E9527077}.Release|x64.Build.0 = Release|Any CPU
		{4DF5E95F-5B60-4B83-9116-9B97E9527077}.Release|x86.ActiveCfg = Release|Any CPU
		{4DF5E95F-5B60-4B83-9116-9B97E9527077}.Release|x86.Build.0 = Release|Any CPU
	EndGlobalSection
	GlobalSection(SolutionProperties) = preSolution
		HideSolutionNode = FALSE
	EndGlobalSection
	GlobalSection(NestedProjects) = preSolution
		{F7C70ED0-0AB3-465A-BFED-FF9529E44318} = {98E37E33-E0B3-4C26-9915-65F09BBF2E04}
		{80AC86B2-F462-4F06-AC20-5DD0E603F18E} = {98E37E33-E0B3-4C26-9915-65F09BBF2E04}
		{E826F453-3816-4E14-9E41-FA81A27A045B} = {98E37E33-E0B3-4C26-9915-65F09BBF2E04}
		{E21EE93B-EF20-478C-955D-C9B1C6CFC041} = {98E37E33-E0B3-4C26-9915-65F09BBF2E04}
		{FE8171F4-C58A-4E7D-9BFB-8C7E7721F4BD} = {1C153657-F51E-40ED-827D-2244891DC672}
		{F7739AE2-7463-459A-9C9A-24CA80898751} = {98E37E33-E0B3-4C26-9915-65F09BBF2E04}
		{4DF5E95F-5B60-4B83-9116-9B97E9527077} = {98E37E33-E0B3-4C26-9915-65F09BBF2E04}
	EndGlobalSection
	GlobalSection(ExtensibilityGlobals) = postSolution
		SolutionGuid = {CAF1FFB1-BD4B-4C94-A9CF-02C14C52A886}
	EndGlobalSection
EndGlobal
